
Microsoft Visual Studio Solution File, Format Version 12.00
# Visual Studio Version 17
VisualStudioVersion = 17.11.35327.3
MinimumVisualStudioVersion = 10.0.40219.1
Project("{9A19103F-16F7-4668-BE54-9A1E7A4F7556}") = "OpenCRMOptModels", "OpenCRMOpt\OpenCRMOptModels.csproj", "{C9CFE536-5821-46A1-B9DB-28AD35757CBB}"
EndProject
Project("{9A19103F-16F7-4668-BE54-9A1E7A4F7556}") = "OpenCRMOptAPI", "OpenCRMOptAPI\OpenCRMOptAPI.csproj", "{355A0A6A-1FEF-447F-AB65-F16FEEFA4B45}"
EndProject
Project("{9A19103F-16F7-4668-BE54-9A1E7A4F7556}") = "App", "App\App.csproj", "{466E10D7-0F6E-4199-B440-2D4EEE773A5B}"
EndProject
Project("{9A19103F-16F7-4668-BE54-9A1E7A4F7556}") = "OpenCRMOptApp", "OpenCRMOptApp\OpenCRMOptApp.csproj", "{E4C6F54D-A58A-4268-8575-A151F79E3026}"
EndProject
Project("{FAE04EC0-301F-11D3-BF4B-00C04F79EFBC}") = "OpenCRMOptTest", "OpenCRMOptTest\OpenCRMOptTest.csproj", "{2A23D1E2-F876-4D1D-B06C-96915736C7CB}"
EndProject
Global
	GlobalSection(SolutionConfigurationPlatforms) = preSolution
		Debug|Any CPU = Debug|Any CPU
		Release|Any CPU = Release|Any CPU
	EndGlobalSection
	GlobalSection(ProjectConfigurationPlatforms) = postSolution
		{C9CFE536-5821-46A1-B9DB-28AD35757CBB}.Debug|Any CPU.ActiveCfg = Debug|Any CPU
		{C9CFE536-5821-46A1-B9DB-28AD35757CBB}.Debug|Any CPU.Build.0 = Debug|Any CPU
		{C9CFE536-5821-46A1-B9DB-28AD35757CBB}.Release|Any CPU.ActiveCfg = Release|Any CPU
		{C9CFE536-5821-46A1-B9DB-28AD35757CBB}.Release|Any CPU.Build.0 = Release|Any CPU
		{355A0A6A-1FEF-447F-AB65-F16FEEFA4B45}.Debug|Any CPU.ActiveCfg = Debug|Any CPU
		{355A0A6A-1FEF-447F-AB65-F16FEEFA4B45}.Debug|Any CPU.Build.0 = Debug|Any CPU
		{355A0A6A-1FEF-447F-AB65-F16FEEFA4B45}.Release|Any CPU.ActiveCfg = Release|Any CPU
		{355A0A6A-1FEF-447F-AB65-F16FEEFA4B45}.Release|Any CPU.Build.0 = Release|Any CPU
		{466E10D7-0F6E-4199-B440-2D4EEE773A5B}.Debug|Any CPU.ActiveCfg = Debug|Any CPU
		{466E10D7-0F6E-4199-B440-2D4EEE773A5B}.Debug|Any CPU.Build.0 = Debug|Any CPU
		{466E10D7-0F6E-4199-B440-2D4EEE773A5B}.Release|Any CPU.ActiveCfg = Release|Any CPU
		{466E10D7-0F6E-4199-B440-2D4EEE773A5B}.Release|Any CPU.Build.0 = Release|Any CPU
		{E4C6F54D-A58A-4268-8575-A151F79E3026}.Debug|Any CPU.ActiveCfg = Debug|Any CPU
		{E4C6F54D-A58A-4268-8575-A151F79E3026}.Debug|Any CPU.Build.0 = Debug|Any CPU
		{E4C6F54D-A58A-4268-8575-A151F79E3026}.Release|Any CPU.ActiveCfg = Release|Any CPU
		{E4C6F54D-A58A-4268-8575-A151F79E3026}.Release|Any CPU.Build.0 = Release|Any CPU
		{2A23D1E2-F876-4D1D-B06C-96915736C7CB}.Debug|Any CPU.ActiveCfg = Debug|Any CPU
		{2A23D1E2-F876-4D1D-B06C-96915736C7CB}.Debug|Any CPU.Build.0 = Debug|Any CPU
		{2A23D1E2-F876-4D1D-B06C-96915736C7CB}.Release|Any CPU.ActiveCfg = Release|Any CPU
		{2A23D1E2-F876-4D1D-B06C-96915736C7CB}.Release|Any CPU.Build.0 = Release|Any CPU
	EndGlobalSection
	GlobalSection(SolutionProperties) = preSolution
		HideSolutionNode = FALSE
	EndGlobalSection
	GlobalSection(ExtensibilityGlobals) = postSolution
		SolutionGuid = {915F3354-F607-468B-AB8F-9F0FC5626A84}
	EndGlobalSection
EndGlobal
